Microsoft Visual Studio Solution File, Format Version 12.00
Project("{9A19103F-16F7-4668-BE54-9A1E7A4F7556}") = "NewsBackEnd", "NewsBackEnd\NewsBackEnd.csproj", "{F03423EC-8F28-442B-9907-1428CE22F5FC}"
EndProject
Project("{2150E333-8FDC-42A3-9474-1A3956D46DE8}") = "VueBackEnd", "..\VueBackEnd", "{665CE980-15D3-4B63-ACC9-E05A9EB3DD1E}"
EndProject
Global
	GlobalSection(SolutionConfigurationPlatforms) = preSolution
		Debug|Any CPU = Debug|Any CPU
		Release|Any CPU = Release|Any CPU
	EndGlobalSection
	GlobalSection(ProjectConfigurationPlatforms) = postSolution
		{F03423EC-8F28-442B-9907-1428CE22F5FC}.Debug|Any CPU.ActiveCfg = Debug|Any CPU
		{F03423EC-8F28-442B-9907-1428CE22F5FC}.Debug|Any CPU.Build.0 = Debug|Any CPU
		{F03423EC-8F28-442B-9907-1428CE22F5FC}.Release|Any CPU.ActiveCfg = Release|Any CPU
		{F03423EC-8F28-442B-9907-1428CE22F5FC}.Release|Any CPU.Build.0 = Release|Any CPU
	EndGlobalSection
	GlobalSection(SolutionProperties) = preSolution
		HideSolutionNode = FALSE
	EndGlobalSection
	GlobalSection(NestedProjects) = preSolution
	EndGlobalSection
	GlobalSection(ExtensibilityGlobals) = postSolution
		SolutionGuid = {7E9C9E4A-F44C-4EC2-92D8-DCA6A1B2845C}
	EndGlobalSection
EndGlobal
